
Microsoft Visual Studio Solution File, Format Version 12.00
# Visual Studio Version 17
VisualStudioVersion = 17.6.33815.320
MinimumVisualStudioVersion = 10.0.40219.1
Project("{888888A0-9F3D-457C-B088-3A5042F75D52}") = "DZ 15.2", "DZ 15.2.pyproj", "{9748113E-E5FA-41DD-91B4-3C82C25C4770}"
EndProject
Global
	GlobalSection(SolutionConfigurationPlatforms) = preSolution
		Debug|Any CPU = Debug|Any CPU
		Release|Any CPU = Release|Any CPU
	EndGlobalSection
	GlobalSection(ProjectConfigurationPlatforms) = postSolution
		{9748113E-E5FA-41DD-91B4-3C82C25C4770}.Debug|Any CPU.ActiveCfg = Debug|Any CPU
		{9748113E-E5FA-41DD-91B4-3C82C25C4770}.Release|Any CPU.ActiveCfg = Release|Any CPU
	EndGlobalSection
	GlobalSection(SolutionProperties) = preSolution
		HideSolutionNode = FALSE
	EndGlobalSection
	GlobalSection(ExtensibilityGlobals) = postSolution
		SolutionGuid = {2931B7E1-6029-4BB0-B7F5-DDD01D13779A}
	EndGlobalSection
EndGlobal
