
Microsoft Visual Studio Solution File, Format Version 12.00
# Visual Studio Version 17
VisualStudioVersion = 17.6.33815.320
MinimumVisualStudioVersion = 10.0.40219.1
Project("{888888A0-9F3D-457C-B088-3A5042F75D52}") = "DZ 7.2", "DZ 7.2.pyproj", "{DD6D5C72-EF3A-492E-B9A9-A662DB513E0F}"
EndProject
Global
	GlobalSection(SolutionConfigurationPlatforms) = preSolution
		Debug|Any CPU = Debug|Any CPU
		Release|Any CPU = Release|Any CPU
	EndGlobalSection
	GlobalSection(ProjectConfigurationPlatforms) = postSolution
		{DD6D5C72-EF3A-492E-B9A9-A662DB513E0F}.Debug|Any CPU.ActiveCfg = Debug|Any CPU
		{DD6D5C72-EF3A-492E-B9A9-A662DB513E0F}.Release|Any CPU.ActiveCfg = Release|Any CPU
	EndGlobalSection
	GlobalSection(SolutionProperties) = preSolution
		HideSolutionNode = FALSE
	EndGlobalSection
	GlobalSection(ExtensibilityGlobals) = postSolution
		SolutionGuid = {4DC21FC0-D0BC-40F2-AF93-F614EA9A1087}
	EndGlobalSection
EndGlobal
