
Microsoft Visual Studio Solution File, Format Version 12.00
# Visual Studio Version 17
VisualStudioVersion = 17.6.33815.320
MinimumVisualStudioVersion = 10.0.40219.1
Project("{888888A0-9F3D-457C-B088-3A5042F75D52}") = "DZ4.2", "DZ4.2.pyproj", "{A2A0E208-84D8-40E2-AF80-70D42CC51432}"
EndProject
Global
	GlobalSection(SolutionConfigurationPlatforms) = preSolution
		Debug|Any CPU = Debug|Any CPU
		Release|Any CPU = Release|Any CPU
	EndGlobalSection
	GlobalSection(ProjectConfigurationPlatforms) = postSolution
		{A2A0E208-84D8-40E2-AF80-70D42CC51432}.Debug|Any CPU.ActiveCfg = Debug|Any CPU
		{A2A0E208-84D8-40E2-AF80-70D42CC51432}.Release|Any CPU.ActiveCfg = Release|Any CPU
	EndGlobalSection
	GlobalSection(SolutionProperties) = preSolution
		HideSolutionNode = FALSE
	EndGlobalSection
	GlobalSection(ExtensibilityGlobals) = postSolution
		SolutionGuid = {BA8AA1B9-E36D-45EE-801D-45D4D30694BA}
	EndGlobalSection
EndGlobal
